%{
  "aewallet": {:git, "https://github.com/aeternity/elixir-wallet.git", "3f2f9df45f76e69ff20cdf2172af5ef596f794ed", [ref: "3f2f9df"]},
  "base58check": {:git, "https://github.com/quanterall/base58check.git", "e012da96735852902df672d1543298cdf8f9664c", []},
  "bip0173": {:hex, :bip0173, "0.1.2", "b771e275692ed3353ecfecb38330693cbba90d2ac4a2e8fd1908a86ec7e6318f", [:mix], [], "hexpm"},
  "bunt": {:hex, :bunt, "0.2.0", "951c6e801e8b1d2cbe58ebbd3e616a869061ddadcc4863d0a2182541acae9a38", [:mix], [], "hexpm"},
  "certifi": {:hex, :certifi, "2.0.0", "a0c0e475107135f76b8c1d5bc7efb33cd3815cb3cf3dea7aefdd174dabead064", [:rebar3], [], "hexpm"},
  "cors_plug": {:hex, :cors_plug, "1.5.2", "72df63c87e4f94112f458ce9d25800900cc88608c1078f0e4faddf20933eda6e", [:mix], [{:plug, "~> 1.3 or ~> 1.4 or ~> 1.5", [hex: :plug, repo: "hexpm", optional: false]}], "hexpm"},
  "cowboy": {:hex, :cowboy, "1.1.2", "61ac29ea970389a88eca5a65601460162d370a70018afe6f949a29dca91f3bb0", [:rebar3], [{:cowlib, "~> 1.0.2", [hex: :cowlib, repo: "hexpm", optional: false]}, {:ranch, "~> 1.3.2", [hex: :ranch, repo: "hexpm", optional: false]}], "hexpm"},
  "cowlib": {:hex, :cowlib, "1.0.2", "9d769a1d062c9c3ac753096f868ca121e2730b9a377de23dec0f7e08b1df84ee", [:make], [], "hexpm"},
  "credo": {:hex, :credo, "0.9.3", "76fa3e9e497ab282e0cf64b98a624aa11da702854c52c82db1bf24e54ab7c97a", [:mix], [{:bunt, "~> 0.2.0", [hex: :bunt, repo: "hexpm", optional: false]}, {:poison, ">= 0.0.0", [hex: :poison, repo: "hexpm", optional: false]}], "hexpm"},
  "dialyxir": {:hex, :dialyxir, "0.5.1", "b331b091720fd93e878137add264bac4f644e1ddae07a70bf7062c7862c4b952", [:mix], [], "hexpm"},
  "distillery": {:hex, :distillery, "1.5.3", "b2f4fc34ec71ab4f1202a796f9290e068883b042319aa8c9aa45377ecac8597a", [:mix], [], "hexpm"},
  "edown": {:hex, :edown, "0.8.1", "7333b6f6b7bbc736c263e9ceb8261667d7c8f7d92e251829f1a9fe8f24e7b694", [:rebar3], [], "hexpm"},
  "eleveldb": {:hex, :eleveldb, "2.2.20", "1fff63a5055bbf4bf821f797ef76065882b193f5e8095f95fcd9287187773b58", [:rebar3], [], "hexpm"},
  "enacl": {:git, "https://github.com/aeternity/enacl.git", "2f50ba6289f2f2d9fef05d22a396c0bab4f64149", [ref: "2f50ba6"]},
  "enoise": {:git, "https://github.com/aeternity/enoise.git", "6d793b711854a02d56c68d9959e1525389464c87", [ref: "6d793b711854a02d56c68d9959e1525389464c87"]},
  "erl_base58": {:hex, :erl_base58, "0.0.1", "37710854461d71df338e73c65776302db41c4bab4674d2ec134ed7bcfc7b5552", [:rebar3], [], "hexpm"},
  "erlexec": {:hex, :erlexec, "1.9.1", "3774940c8fc1a65cdbc5fe99d66be1c63d0562b805d24a04b954ab2049342004", [:rebar3], [], "hexpm"},
  "ex_json_schema": {:hex, :ex_json_schema, "0.5.7", "14a1bcd716e432badb19e5f54fd0f3f0be47b34d1b5957944702be90d66a6cf6", [:mix], [], "hexpm"},
  "ex_parameterized": {:hex, :ex_parameterized, "1.3.1", "c122a967b1265e842b61bdc57dcff65918802c8853ceacc0a7f6bf604e6561cd", [:mix], [], "hexpm"},
  "ex_rlp": {:hex, :ex_rlp, "0.2.1", "bd320900d6316cdfe01d365d4bda22eb2f39b359798daeeffd3bd1ca7ba958ec", [:mix], [], "hexpm"},
  "exconstructor": {:hex, :exconstructor, "1.1.0", "272623a7b203cb2901c20cbb92c5c3ab103cc0087ff7c881979e046043346752", [:mix], [], "hexpm"},
  "excoveralls": {:hex, :excoveralls, "0.8.2", "b941a08a1842d7aa629e0bbc969186a4cefdd035bad9fe15d43aaaaaeb8fae36", [:mix], [{:exjsx, ">= 3.0.0", [hex: :exjsx, repo: "hexpm", optional: false]}, {:hackney, ">= 0.12.0", [hex: :hackney, repo: "hexpm", optional: false]}], "hexpm"},
  "exexec": {:hex, :exexec, "0.1.0", "4061bffc3845cb1fcc68eb68943335c75d64cfb4b4553c78f41be457df4a8d34", [:mix], [{:erlexec, "~> 1.7", [hex: :erlexec, repo: "hexpm", optional: false]}], "hexpm"},
  "exjsx": {:hex, :exjsx, "4.0.0", "60548841e0212df401e38e63c0078ec57b33e7ea49b032c796ccad8cde794b5c", [:mix], [{:jsx, "~> 2.8.0", [hex: :jsx, repo: "hexpm", optional: false]}], "hexpm"},
  "exleveldb": {:hex, :exleveldb, "0.11.1", "37c0414208a50d2419d8246305e6c4a33ed339c25c0bdfa27774795e1e089f7b", [:mix], [{:eleveldb, "~> 2.2.19", [hex: :eleveldb, repo: "hexpm", optional: false]}], "hexpm"},
  "gb_merkle_trees": {:git, "https://github.com/aeternity/gb_merkle_trees.git", "4db7aad81944e2d12981a2ecd23dd59e32ab1651", [ref: "4db7aad"]},
  "gen_state_machine": {:hex, :gen_state_machine, "2.0.2", "52abcba0981a058940c2a9b33b704e126d808418a6e85d45fa466d7450a90381", [:mix], [], "hexpm"},
  "gproc": {:hex, :gproc, "0.6.1", "4579663e5677970758a05d8f65d13c3e9814ec707ad51d8dcef7294eda1a730c", [:rebar3], [], "hexpm"},
  "hackney": {:hex, :hackney, "1.11.0", "4951ee019df102492dabba66a09e305f61919a8a183a7860236c0fde586134b6", [:rebar3], [{:certifi, "2.0.0", [hex: :certifi, repo: "hexpm", optional: false]}, {:idna, "5.1.0", [hex: :idna, repo: "hexpm", optional: false]}, {:metrics, "1.0.1", [hex: :metrics, repo: "hexpm", optional: false]}, {:mimerl, "1.0.2", [hex: :mimerl, repo: "hexpm", optional: false]}, {:ssl_verify_fun, "1.1.1", [hex: :ssl_verify_fun, repo: "hexpm", optional: false]}], "hexpm"},
  "hex_prefix": {:hex, :hex_prefix, "0.1.0", "e96b5cbb6ad8493196ce193726240023f5ce0ae0753118a19a5b43e2db0267ca", [:mix], [], "hexpm"},
  "httpoison": {:hex, :httpoison, "1.0.0", "1f02f827148d945d40b24f0b0a89afe40bfe037171a6cf70f2486976d86921cd", [:mix], [{:hackney, "~> 1.8", [hex: :hackney, repo: "hexpm", optional: false]}], "hexpm"},
  "idna": {:git, "https://github.com/aeternity/erlang-idna.git", "24bf647c9b63f4521351896398edecf56f4843a8", [ref: "24bf647"]},
  "jobs": {:hex, :jobs, "0.7.1", "132e4bed856ce774b008b31c1aa809c17fa6c2c20be03e010ace273ca057a5de", [:rebar3], [{:parse_trans, "3.0.0", [hex: :parse_trans, repo: "hexpm", optional: false]}], "hexpm"},
  "jsx": {:hex, :jsx, "2.8.3", "a05252d381885240744d955fbe3cf810504eb2567164824e19303ea59eef62cf", [:mix, :rebar3], [], "hexpm"},
  "keccakf1600": {:hex, :keccakf1600_orig, "2.0.0", "0a7217ddb3ee8220d449bbf7575ec39d4e967099f220a91e3dfca4dbaef91963", [:rebar3], [], "hexpm"},
  "libsecp256k1": {:git, "https://github.com/mbrix/libsecp256k1.git", "671be513a6c19db47fbeea0ceefbf61421d196cc", []},
  "logger_file_backend": {:hex, :logger_file_backend, "0.0.10", "876f9f84ae110781207c54321ffbb62bebe02946fe3c13f0d7c5f5d8ad4fa910", [:mix], [], "hexpm"},
  "meck": {:hex, :meck, "0.8.10", "455aaef8403be46752272206613e7a15467c014d40994b22fb54cde4d1ff7075", [:rebar3], [], "hexpm"},
  "merkle_patricia_tree": {:git, "https://github.com/aeternity/elixir-merkle-patricia-tree.git", "6b2110f2000cc874f3a4f35fd5676244873146f7", []},
  "metrics": {:hex, :metrics, "1.0.1", "25f094dea2cda98213cecc3aeff09e940299d950904393b2a29d191c346a8486", [:rebar3], [], "hexpm"},
  "mime": {:hex, :mime, "1.3.0", "5e8d45a39e95c650900d03f897fbf99ae04f60ab1daa4a34c7a20a5151b7a5fe", [:mix], [], "hexpm"},
  "mimerl": {:hex, :mimerl, "1.0.2", "993f9b0e084083405ed8252b99460c4f0563e41729ab42d9074fd5e52439be88", [:rebar3], [], "hexpm"},
  "mock": {:hex, :mock, "0.2.1", "bfdba786903e77f9c18772dee472d020ceb8ef000783e737725a4c8f54ad28ec", [:mix], [{:meck, "~> 0.8.2", [hex: :meck, repo: "hexpm", optional: false]}], "hexpm"},
  "msgpax": {:hex, :msgpax, "2.1.1", "833bc9ce6d3e073cf966fec94d3f976ca7100685b4f0efb6e30ef512f2e8a4d7", [:mix], [{:plug, "~> 1.0", [hex: :plug, repo: "hexpm", optional: true]}], "hexpm"},
  "parse_trans": {:hex, :parse_trans, "3.0.0", "9e96b1c9c3a0df54e7b76f8f685d38bfa1eb21b31e042b1d1a5a70258e4db1e3", [:rebar3], [], "hexpm"},
  "phoenix": {:hex, :phoenix, "1.3.3", "bafb5fa408d202e8d9f739e781bdb908446a2c1c1e00797c1158918ed55566a4", [:mix], [{:cowboy, "~> 1.0", [hex: :cowboy, repo: "hexpm", optional: true]}, {:phoenix_pubsub, "~> 1.0", [hex: :phoenix_pubsub, repo: "hexpm", optional: false]}, {:plug, "~> 1.3.3 or ~> 1.4", [hex: :plug, repo: "hexpm", optional: false]}, {:poison, "~> 2.2 or ~> 3.0", [hex: :poison, repo: "hexpm", optional: false]}], "hexpm"},
  "phoenix_pubsub": {:hex, :phoenix_pubsub, "1.0.2", "bfa7fd52788b5eaa09cb51ff9fcad1d9edfeb68251add458523f839392f034c1", [:mix], [], "hexpm"},
  "plug": {:hex, :plug, "1.6.1", "c62fe7623d035020cf989820b38490460e6903ab7eee29e234b7586e9b6c91d6", [:mix], [{:cowboy, "~> 1.0.1 or ~> 1.1 or ~> 2.4", [hex: :cowboy, repo: "hexpm", optional: true]}, {:mime, "~> 1.0", [hex: :mime, repo: "hexpm", optional: false]}], "hexpm"},
  "poison": {:hex, :poison, "3.1.0", "d9eb636610e096f86f25d9a46f35a9facac35609a7591b3be3326e99a0484665", [:mix], [], "hexpm"},
  "ranch": {:git, "https://github.com/ninenines/ranch.git", "55c2a9d623454f372a15e99721a37093d8773b48", [ref: "55c2a9d623454f372a15e99721a37093d8773b48"]},
  "rox": {:hex, :rox, "2.2.1", "847593765a119b48b1de381a874b692eac5375c79a6fd82b4c6353b98b7d9fdb", [:mix], [{:rustler, "~> 0.10", [hex: :rustler, repo: "hexpm", optional: false]}], "hexpm"},
  "rustler": {:hex, :rustler, "0.18.0", "db4bd0c613d83a1badc31be90ddada6f9821de29e4afd15c53a5da61882e4f2d", [:mix], [], "hexpm"},
  "seed_generator": {:git, "https://github.com/quanterall/seed_generator.git", "09a68dc315409dd1896802d9d9ba6ea111093baf", []},
  "sext": {:git, "https://github.com/uwiger/sext.git", "615eebcf975ec4b4561c6f2b2bc433dabdb2be0f", [tag: "1.4.1"]},
  "sha3": {:git, "https://github.com/szktty/erlang-sha3.git", "dbdfd12ace2fc7e530e697fef81e1e72e90740f9", [ref: "dbdfd12"]},
  "ssl_verify_fun": {:hex, :ssl_verify_fun, "1.1.1", "28a4d65b7f59893bc2c7de786dec1e1555bd742d336043fe644ae956c3497fbe", [:make, :rebar], [], "hexpm"},
  "unicode_util_compat": {:hex, :unicode_util_compat, "0.3.1", "a1f612a7b512638634a603c8f401892afbf99b8ce93a45041f8aaca99cadb85e", [:rebar3], [], "hexpm"},
  "uuid": {:hex, :uuid, "1.1.8", "e22fc04499de0de3ed1116b770c7737779f226ceefa0badb3592e64d5cfb4eb9", [:mix], [], "hexpm"},
}
